
Microsoft Visual Studio Solution File, Format Version 12.00
# Visual Studio Version 16
VisualStudioVersion = 16.0.34301.259
MinimumVisualStudioVersion = 10.0.40219.1
Project("{FAE04EC0-301F-11D3-BF4B-00C04F79EFBC}") = "CRUD", "CRUD\CRUD.csproj", "{BCFE7D8E-64D4-4E90-8431-30A50FB4F4A0}"
EndProject
Global
	GlobalSection(SolutionConfigurationPlatforms) = preSolution
		Debug|Any CPU = Debug|Any CPU
		Release|Any CPU = Release|Any CPU
	EndGlobalSection
	GlobalSection(ProjectConfigurationPlatforms) = postSolution
		{BCFE7D8E-64D4-4E90-8431-30A50FB4F4A0}.Debug|Any CPU.ActiveCfg = Debug|Any CPU
		{BCFE7D8E-64D4-4E90-8431-30A50FB4F4A0}.Debug|Any CPU.Build.0 = Debug|Any CPU
		{BCFE7D8E-64D4-4E90-8431-30A50FB4F4A0}.Release|Any CPU.ActiveCfg = Release|Any CPU
		{BCFE7D8E-64D4-4E90-8431-30A50FB4F4A0}.Release|Any CPU.Build.0 = Release|Any CPU
	EndGlobalSection
	GlobalSection(SolutionProperties) = preSolution
		HideSolutionNode = FALSE
	EndGlobalSection
	GlobalSection(ExtensibilityGlobals) = postSolution
		SolutionGuid = {05961375-0843-4FFB-8478-5FE471C992D3}
	EndGlobalSection
EndGlobal
